
Microsoft Visual Studio Solution File, Format Version 12.00
# Visual Studio 15
VisualStudioVersion = 15.0.28307.271
MinimumVisualStudioVersion = 10.0.40219.1
Project("{FAE04EC0-301F-11D3-BF4B-00C04F79EFBC}") = "MyPhones", "MyPhones\MyPhones.csproj", "{649C10A7-C270-419B-B9B3-3841579F2200}"
EndProject
Global
	GlobalSection(SolutionConfigurationPlatforms) = preSolution
		Debug|Any CPU = Debug|Any CPU
		Release|Any CPU = Release|Any CPU
	EndGlobalSection
	GlobalSection(ProjectConfigurationPlatforms) = postSolution
		{649C10A7-C270-419B-B9B3-3841579F2200}.Debug|Any CPU.ActiveCfg = Debug|Any CPU
		{649C10A7-C270-419B-B9B3-3841579F2200}.Debug|Any CPU.Build.0 = Debug|Any CPU
		{649C10A7-C270-419B-B9B3-3841579F2200}.Release|Any CPU.ActiveCfg = Release|Any CPU
		{649C10A7-C270-419B-B9B3-3841579F2200}.Release|Any CPU.Build.0 = Release|Any CPU
	EndGlobalSection
	GlobalSection(SolutionProperties) = preSolution
		HideSolutionNode = FALSE
	EndGlobalSection
	GlobalSection(ExtensibilityGlobals) = postSolution
		SolutionGuid = {030ED95F-7304-4CC0-AF45-363BECFCE692}
	EndGlobalSection
	GlobalSection(TeamFoundationVersionControl) = preSolution
		SccNumberOfProjects = 2
		SccEnterpriseProvider = {4CA58AB2-18FA-4F8D-95D4-32DDF27D184C}
		SccTeamFoundationServer = https://dev.azure.com/INFO2200
		SccLocalPath0 = .
		SccProjectUniqueName1 = MyPhones\\MyPhones.csproj
		SccProjectName1 = MyPhones
		SccLocalPath1 = MyPhones
	EndGlobalSection
EndGlobal
