
Microsoft Visual Studio Solution File, Format Version 12.00
# Visual Studio 15
VisualStudioVersion = 15.0.28307.136
MinimumVisualStudioVersion = 10.0.40219.1
Project("{FAE04EC0-301F-11D3-BF4B-00C04F79EFBC}") = "Participation4", "Participation4\Participation4.csproj", "{B419DC8E-F5E1-41BC-9213-4F733DEAFED7}"
EndProject
Global
	GlobalSection(SolutionConfigurationPlatforms) = preSolution
		Debug|Any CPU = Debug|Any CPU
		Release|Any CPU = Release|Any CPU
	EndGlobalSection
	GlobalSection(ProjectConfigurationPlatforms) = postSolution
		{B419DC8E-F5E1-41BC-9213-4F733DEAFED7}.Debug|Any CPU.ActiveCfg = Debug|Any CPU
		{B419DC8E-F5E1-41BC-9213-4F733DEAFED7}.Debug|Any CPU.Build.0 = Debug|Any CPU
		{B419DC8E-F5E1-41BC-9213-4F733DEAFED7}.Release|Any CPU.ActiveCfg = Release|Any CPU
		{B419DC8E-F5E1-41BC-9213-4F733DEAFED7}.Release|Any CPU.Build.0 = Release|Any CPU
	EndGlobalSection
	GlobalSection(SolutionProperties) = preSolution
		HideSolutionNode = FALSE
	EndGlobalSection
	GlobalSection(ExtensibilityGlobals) = postSolution
		SolutionGuid = {855BC18C-FC42-4038-BE95-944CF3EFB00C}
	EndGlobalSection
EndGlobal
